
Microsoft Visual Studio Solution File, Format Version 12.00
# Visual Studio Version 17
VisualStudioVersion = 17.13.35507.96 d17.13
MinimumVisualStudioVersion = 10.0.40219.1
Project("{FAE04EC0-301F-11D3-BF4B-00C04F79EFBC}") = "Part2", "Part2.csproj", "{4DF0A3C0-DDDB-4519-99EE-DE2F5400D427}"
EndProject
Global
	GlobalSection(SolutionConfigurationPlatforms) = preSolution
		Debug|Any CPU = Debug|Any CPU
		Release|Any CPU = Release|Any CPU
	EndGlobalSection
	GlobalSection(ProjectConfigurationPlatforms) = postSolution
		{4DF0A3C0-DDDB-4519-99EE-DE2F5400D427}.Debug|Any CPU.ActiveCfg = Debug|Any CPU
		{4DF0A3C0-DDDB-4519-99EE-DE2F5400D427}.Debug|Any CPU.Build.0 = Debug|Any CPU
		{4DF0A3C0-DDDB-4519-99EE-DE2F5400D427}.Release|Any CPU.ActiveCfg = Release|Any CPU
		{4DF0A3C0-DDDB-4519-99EE-DE2F5400D427}.Release|Any CPU.Build.0 = Release|Any CPU
	EndGlobalSection
	GlobalSection(SolutionProperties) = preSolution
		HideSolutionNode = FALSE
	EndGlobalSection
	GlobalSection(ExtensibilityGlobals) = postSolution
		SolutionGuid = {8EAB5C1E-8C08-40AE-8B62-2C4F17FD473F}
	EndGlobalSection
EndGlobal
